
Microsoft Visual Studio Solution File, Format Version 12.00
# Visual Studio Version 17
VisualStudioVersion = 17.13.35931.197 d17.13
MinimumVisualStudioVersion = 10.0.40219.1
Project("{FAE04EC0-301F-11D3-BF4B-00C04F79EFBC}") = "20_ValidaCPFComExcecao", "20_ValidaCPFComExcecao.csproj", "{B0E7FEB5-C295-411F-80EC-EB5ECCB735FF}"
EndProject
Global
	GlobalSection(SolutionConfigurationPlatforms) = preSolution
		Debug|Any CPU = Debug|Any CPU
		Release|Any CPU = Release|Any CPU
	EndGlobalSection
	GlobalSection(ProjectConfigurationPlatforms) = postSolution
		{B0E7FEB5-C295-411F-80EC-EB5ECCB735FF}.Debug|Any CPU.ActiveCfg = Debug|Any CPU
		{B0E7FEB5-C295-411F-80EC-EB5ECCB735FF}.Debug|Any CPU.Build.0 = Debug|Any CPU
		{B0E7FEB5-C295-411F-80EC-EB5ECCB735FF}.Release|Any CPU.ActiveCfg = Release|Any CPU
		{B0E7FEB5-C295-411F-80EC-EB5ECCB735FF}.Release|Any CPU.Build.0 = Release|Any CPU
	EndGlobalSection
	GlobalSection(SolutionProperties) = preSolution
		HideSolutionNode = FALSE
	EndGlobalSection
	GlobalSection(ExtensibilityGlobals) = postSolution
		SolutionGuid = {88EDAD95-30B5-40DF-AED9-A92D6480CB86}
	EndGlobalSection
EndGlobal
