
Microsoft Visual Studio Solution File, Format Version 12.00
# Visual Studio Version 17
VisualStudioVersion = 17.13.35931.197 d17.13
MinimumVisualStudioVersion = 10.0.40219.1
Project("{FAE04EC0-301F-11D3-BF4B-00C04F79EFBC}") = "03_Propriedades", "03_Propriedades.csproj", "{BB5F7CA2-72BE-41AA-B3AD-C9F53973CDC3}"
EndProject
Global
	GlobalSection(SolutionConfigurationPlatforms) = preSolution
		Debug|Any CPU = Debug|Any CPU
		Release|Any CPU = Release|Any CPU
	EndGlobalSection
	GlobalSection(ProjectConfigurationPlatforms) = postSolution
		{BB5F7CA2-72BE-41AA-B3AD-C9F53973CDC3}.Debug|Any CPU.ActiveCfg = Debug|Any CPU
		{BB5F7CA2-72BE-41AA-B3AD-C9F53973CDC3}.Debug|Any CPU.Build.0 = Debug|Any CPU
		{BB5F7CA2-72BE-41AA-B3AD-C9F53973CDC3}.Release|Any CPU.ActiveCfg = Release|Any CPU
		{BB5F7CA2-72BE-41AA-B3AD-C9F53973CDC3}.Release|Any CPU.Build.0 = Release|Any CPU
	EndGlobalSection
	GlobalSection(SolutionProperties) = preSolution
		HideSolutionNode = FALSE
	EndGlobalSection
	GlobalSection(ExtensibilityGlobals) = postSolution
		SolutionGuid = {7802EA21-BC04-496A-A149-FD95723ADD1B}
	EndGlobalSection
EndGlobal
