
Microsoft Visual Studio Solution File, Format Version 12.00
# Visual Studio Version 17
VisualStudioVersion = 17.13.35931.197 d17.13
MinimumVisualStudioVersion = 10.0.40219.1
Project("{FAE04EC0-301F-11D3-BF4B-00C04F79EFBC}") = "Aluno", "Aluno.csproj", "{8254E468-4C6A-4CB8-B118-82EF6AE5FCCD}"
EndProject
Global
	GlobalSection(SolutionConfigurationPlatforms) = preSolution
		Debug|Any CPU = Debug|Any CPU
		Release|Any CPU = Release|Any CPU
	EndGlobalSection
	GlobalSection(ProjectConfigurationPlatforms) = postSolution
		{8254E468-4C6A-4CB8-B118-82EF6AE5FCCD}.Debug|Any CPU.ActiveCfg = Debug|Any CPU
		{8254E468-4C6A-4CB8-B118-82EF6AE5FCCD}.Debug|Any CPU.Build.0 = Debug|Any CPU
		{8254E468-4C6A-4CB8-B118-82EF6AE5FCCD}.Release|Any CPU.ActiveCfg = Release|Any CPU
		{8254E468-4C6A-4CB8-B118-82EF6AE5FCCD}.Release|Any CPU.Build.0 = Release|Any CPU
	EndGlobalSection
	GlobalSection(SolutionProperties) = preSolution
		HideSolutionNode = FALSE
	EndGlobalSection
	GlobalSection(ExtensibilityGlobals) = postSolution
		SolutionGuid = {7107763C-6250-4F57-9B1B-D699F13BF1B3}
	EndGlobalSection
EndGlobal
